
Microsoft Visual Studio Solution File, Format Version 12.00
# Visual Studio Version 17
VisualStudioVersion = 17.5.33424.131
MinimumVisualStudioVersion = 10.0.40219.1
Project("{9A19103F-16F7-4668-BE54-9A1E7A4F7556}") = "Teretana", "Teretana\Teretana.csproj", "{F21289CE-DE75-47EA-AC97-2F9DADA850DE}"
EndProject
Global
	GlobalSection(SolutionConfigurationPlatforms) = preSolution
		Debug|Any CPU = Debug|Any CPU
		Debug|x64 = Debug|x64
		Debug|x86 = Debug|x86
		Release|Any CPU = Release|Any CPU
		Release|x64 = Release|x64
		Release|x86 = Release|x86
	EndGlobalSection
	GlobalSection(ProjectConfigurationPlatforms) = postSolution
		{F21289CE-DE75-47EA-AC97-2F9DADA850DE}.Debug|Any CPU.ActiveCfg = Debug|Any CPU
		{F21289CE-DE75-47EA-AC97-2F9DADA850DE}.Debug|Any CPU.Build.0 = Debug|Any CPU
		{F21289CE-DE75-47EA-AC97-2F9DADA850DE}.Debug|x64.ActiveCfg = Debug|x64
		{F21289CE-DE75-47EA-AC97-2F9DADA850DE}.Debug|x64.Build.0 = Debug|x64
		{F21289CE-DE75-47EA-AC97-2F9DADA850DE}.Debug|x86.ActiveCfg = Debug|x86
		{F21289CE-DE75-47EA-AC97-2F9DADA850DE}.Debug|x86.Build.0 = Debug|x86
		{F21289CE-DE75-47EA-AC97-2F9DADA850DE}.Release|Any CPU.ActiveCfg = Release|Any CPU
		{F21289CE-DE75-47EA-AC97-2F9DADA850DE}.Release|Any CPU.Build.0 = Release|Any CPU
		{F21289CE-DE75-47EA-AC97-2F9DADA850DE}.Release|x64.ActiveCfg = Release|x64
		{F21289CE-DE75-47EA-AC97-2F9DADA850DE}.Release|x64.Build.0 = Release|x64
		{F21289CE-DE75-47EA-AC97-2F9DADA850DE}.Release|x86.ActiveCfg = Release|x86
		{F21289CE-DE75-47EA-AC97-2F9DADA850DE}.Release|x86.Build.0 = Release|x86
	EndGlobalSection
	GlobalSection(SolutionProperties) = preSolution
		HideSolutionNode = FALSE
	EndGlobalSection
	GlobalSection(ExtensibilityGlobals) = postSolution
		SolutionGuid = {0C5D175F-36DE-4F28-BEAB-BBBB72FDFA68}
	EndGlobalSection
EndGlobal
