
Microsoft Visual Studio Solution File, Format Version 12.00
# Visual Studio Version 17
VisualStudioVersion = 17.5.33424.131
MinimumVisualStudioVersion = 10.0.40219.1
Project("{FAE04EC0-301F-11D3-BF4B-00C04F79EFBC}") = "Teretana", "Teretana\Teretana.csproj", "{F21289CE-DE75-47EA-AC97-2F9DADA850DE}"
EndProject
Global
	GlobalSection(SolutionConfigurationPlatforms) = preSolution
		Debug|Any CPU = Debug|Any CPU
		Release|Any CPU = Release|Any CPU
	EndGlobalSection
	GlobalSection(ProjectConfigurationPlatforms) = postSolution
		{F21289CE-DE75-47EA-AC97-2F9DADA850DE}.Debug|Any CPU.ActiveCfg = Debug|Any CPU
		{F21289CE-DE75-47EA-AC97-2F9DADA850DE}.Debug|Any CPU.Build.0 = Debug|Any CPU
		{F21289CE-DE75-47EA-AC97-2F9DADA850DE}.Release|Any CPU.ActiveCfg = Release|Any CPU
		{F21289CE-DE75-47EA-AC97-2F9DADA850DE}.Release|Any CPU.Build.0 = Release|Any CPU
	EndGlobalSection
	GlobalSection(SolutionProperties) = preSolution
		HideSolutionNode = FALSE
	EndGlobalSection
	GlobalSection(ExtensibilityGlobals) = postSolution
		SolutionGuid = {0C5D175F-36DE-4F28-BEAB-BBBB72FDFA68}
	EndGlobalSection
EndGlobal
